{
  "name": "florisen-web",
  "lockfileVersion": 3,
  "requires": true,
  "packages": {
    "": {
      "dependencies": {
        "react-router-dom": "^6.25.1"
      }
    },
    "node_modules/@remix-run/router": {
      "version": "1.18.0",
      "resolved": "https://registry.npmjs.org/@remix-run/router/-/router-1.18.0.tgz",
      "integrity": "sha512-L3jkqmqoSVBVKHfpGZmLrex0lxR5SucGA0sUfFzGctehw+S/ggL9L/0NnC5mw6P8HUWpFZ3nQw3cRApjjWx9Sw==",
      "license": "MIT",
      "engines": {
        "node": ">=14.0.0"
      }
    },
    "node_modules/react-router": {
      "version": "6.25.1",
      "resolved": "https://registry.npmjs.org/react-router/-/react-router-6.25.1.tgz",
      "integrity": "sha512-u8ELFr5Z6g02nUtpPAggP73Jigj1mRePSwhS/2nkTrlPU5yEkH1vYzWNyvSnSzeeE2DNqWdH+P8OhIh9wuXhTw==",
      "license": "MIT",
      "dependencies": {
        "@remix-run/router": "1.18.0"
      },
      "engines": {
        "node": ">=14.0.0"
      },
      "peerDependencies": {
        "react": ">=16.8"
      }
    },
    "node_modules/react-router-dom": {
      "version": "6.25.1",
      "resolved": "https://registry.npmjs.org/react-router-dom/-/react-router-dom-6.25.1.tgz",
      "integrity": "sha512-0tUDpbFvk35iv+N89dWNrJp+afLgd+y4VtorJZuOCXK0kkCWjEvb3vTJM++SYvMEpbVwXKf3FjeVveVEb6JpDQ==",
      "license": "MIT",
      "dependencies": {
        "@remix-run/router": "1.18.0",
        "react-router": "6.25.1"
      },
      "engines": {
        "node": ">=14.0.0"
      },
      "peerDependencies": {
        "react": ">=16.8",
        "react-dom": ">=16.8"
      }
    }
  }
}
